<?xml version="1.0" encoding="utf-8"?>
<Project ToolsVersion="4.0" xmlns="http://schemas.microsoft.com/developer/msbuild/2003">
  <ItemGroup>
    <Filter Include="소스 파일">
      <UniqueIdentifier>{4FC737F1-C7A5-4376-A066-2A32D752A2FF}</UniqueIdentifier>
      <Extensions>cpp;c;cc;cxx;c++;cppm;ixx;def;odl;idl;hpj;bat;asm;asmx</Extensions>
    </Filter>
    <Filter Include="헤더 파일">
      <UniqueIdentifier>{93995380-89BD-4b04-88EB-625FBE52EBFB}</UniqueIdentifier>
      <Extensions>h;hh;hpp;hxx;h++;hm;inl;inc;ipp;xsd</Extensions>
    </Filter>
    <Filter Include="리소스 파일">
      <UniqueIdentifier>{67DA6AB6-F800-4c08-8B7A-83BB121AAD01}</UniqueIdentifier>
      <Extensions>rc;ico;cur;bmp;dlg;rc2;rct;bin;rgs;gif;jpg;jpeg;jpe;resx;tiff;tif;png;wav;mfcribbon-ms</Extensions>
    </Filter>
  </ItemGroup>
  <ItemGroup>
    <ClInclude Include="Resource.h">
      <Filter>헤더 파일</Filter>
    </ClInclude>
    <ClInclude Include="po.h">
      <Filter>헤더 파일</Filter>
    </ClInclude>
    <ClInclude Include="std\iWindows.h">
      <Filter>헤더 파일</Filter>
    </ClInclude>
    <ClInclude Include="std\iStd.h">
      <Filter>헤더 파일</Filter>
    </ClInclude>
    <ClInclude Include="std\iType.h">
      <Filter>헤더 파일</Filter>
    </ClInclude>
    <ClInclude Include="game\Game.h">
      <Filter>헤더 파일</Filter>
    </ClInclude>
    <ClInclude Include="std\iFPS.h">
      <Filter>헤더 파일</Filter>
    </ClInclude>
    <ClInclude Include="game\Loading.h">
      <Filter>헤더 파일</Filter>
    </ClInclude>
    <ClInclude Include="game\Menu.h">
      <Filter>헤더 파일</Filter>
    </ClInclude>
    <ClInclude Include="std\iVector2D.h">
      <Filter>헤더 파일</Filter>
    </ClInclude>
    <ClInclude Include="std\iRect.h">
      <Filter>헤더 파일</Filter>
    </ClInclude>
    <ClInclude Include="std\iInputMangement.h">
      <Filter>헤더 파일</Filter>
    </ClInclude>
    <ClInclude Include="game\Proc.h">
      <Filter>헤더 파일</Filter>
    </ClInclude>
    <ClInclude Include="std\iTexture.h">
      <Filter>헤더 파일</Filter>
    </ClInclude>
    <ClInclude Include="std\iGraphics.h">
      <Filter>헤더 파일</Filter>
    </ClInclude>
    <ClInclude Include="std\iAnimation.h">
      <Filter>헤더 파일</Filter>
    </ClInclude>
    <ClInclude Include="std\iArray.h">
      <Filter>헤더 파일</Filter>
    </ClInclude>
    <ClInclude Include="game\CardGame\Deck.h">
      <Filter>헤더 파일</Filter>
    </ClInclude>
    <ClInclude Include="game\Actor.h">
      <Filter>헤더 파일</Filter>
    </ClInclude>
    <ClInclude Include="game\Engine.h">
      <Filter>헤더 파일</Filter>
    </ClInclude>
    <ClInclude Include="game\CardGame\GameManager.h">
      <Filter>헤더 파일</Filter>
    </ClInclude>
    <ClInclude Include="game\CardGame\Stage.h">
      <Filter>헤더 파일</Filter>
    </ClInclude>
    <ClInclude Include="game\CardGame\GameAttribute.h">
      <Filter>헤더 파일</Filter>
    </ClInclude>
    <ClInclude Include="std\iOpenGL.h">
      <Filter>헤더 파일</Filter>
    </ClInclude>
    <ClInclude Include="game\CardGame\Enemy.h">
      <Filter>헤더 파일</Filter>
    </ClInclude>
    <ClInclude Include="game\CardGame\Player.h">
      <Filter>헤더 파일</Filter>
    </ClInclude>
    <ClInclude Include="std\iPopup.h">
      <Filter>헤더 파일</Filter>
    </ClInclude>
    <ClInclude Include="std\iFBO.h">
      <Filter>헤더 파일</Filter>
    </ClInclude>
    <ClInclude Include="std\iString.h">
      <Filter>헤더 파일</Filter>
    </ClInclude>
    <ClInclude Include="game\CardGame\Character.h">
      <Filter>헤더 파일</Filter>
    </ClInclude>
    <ClInclude Include="game\CardGame\Card.h">
      <Filter>헤더 파일</Filter>
    </ClInclude>
    <ClInclude Include="std\iTextReader.h">
      <Filter>헤더 파일</Filter>
    </ClInclude>
  </ItemGroup>
  <ItemGroup>
    <ClCompile Include="po.cpp">
      <Filter>소스 파일</Filter>
    </ClCompile>
    <ClCompile Include="std\iWindows.cpp">
      <Filter>소스 파일</Filter>
    </ClCompile>
    <ClCompile Include="std\iStd.cpp">
      <Filter>소스 파일</Filter>
    </ClCompile>
    <ClCompile Include="game\Game.cpp">
      <Filter>소스 파일</Filter>
    </ClCompile>
    <ClCompile Include="std\iFPS.cpp">
      <Filter>소스 파일</Filter>
    </ClCompile>
    <ClCompile Include="game\Loading.cpp">
      <Filter>소스 파일</Filter>
    </ClCompile>
    <ClCompile Include="game\Menu.cpp">
      <Filter>소스 파일</Filter>
    </ClCompile>
    <ClCompile Include="std\iVector2D.cpp">
      <Filter>소스 파일</Filter>
    </ClCompile>
    <ClCompile Include="std\iRect.cpp">
      <Filter>소스 파일</Filter>
    </ClCompile>
    <ClCompile Include="std\iInputMangement.cpp">
      <Filter>소스 파일</Filter>
    </ClCompile>
    <ClCompile Include="game\Proc.cpp">
      <Filter>소스 파일</Filter>
    </ClCompile>
    <ClCompile Include="std\iTexture.cpp">
      <Filter>소스 파일</Filter>
    </ClCompile>
    <ClCompile Include="std\iGraphics.cpp">
      <Filter>소스 파일</Filter>
    </ClCompile>
    <ClCompile Include="std\iAnimation.cpp">
      <Filter>소스 파일</Filter>
    </ClCompile>
    <ClCompile Include="std\iArray.cpp">
      <Filter>소스 파일</Filter>
    </ClCompile>
    <ClCompile Include="game\CardGame\Deck.cpp">
      <Filter>소스 파일</Filter>
    </ClCompile>
    <ClCompile Include="game\Actor.cpp">
      <Filter>소스 파일</Filter>
    </ClCompile>
    <ClCompile Include="game\Engine.cpp">
      <Filter>소스 파일</Filter>
    </ClCompile>
    <ClCompile Include="game\CardGame\GameManager.cpp">
      <Filter>소스 파일</Filter>
    </ClCompile>
    <ClCompile Include="game\CardGame\Stage.cpp">
      <Filter>소스 파일</Filter>
    </ClCompile>
    <ClCompile Include="std\iOpenGL.cpp">
      <Filter>소스 파일</Filter>
    </ClCompile>
    <ClCompile Include="std\glew.c">
      <Filter>소스 파일</Filter>
    </ClCompile>
    <ClCompile Include="game\CardGame\Enemy.cpp">
      <Filter>소스 파일</Filter>
    </ClCompile>
    <ClCompile Include="game\CardGame\Player.cpp">
      <Filter>소스 파일</Filter>
    </ClCompile>
    <ClCompile Include="std\iPopup.cpp">
      <Filter>소스 파일</Filter>
    </ClCompile>
    <ClCompile Include="std\iFBO.cpp">
      <Filter>소스 파일</Filter>
    </ClCompile>
    <ClCompile Include="std\iString.cpp">
      <Filter>소스 파일</Filter>
    </ClCompile>
    <ClCompile Include="game\CardGame\Character.cpp">
      <Filter>소스 파일</Filter>
    </ClCompile>
    <ClCompile Include="game\CardGame\Card.cpp">
      <Filter>소스 파일</Filter>
    </ClCompile>
    <ClCompile Include="std\iTextReader.cpp">
      <Filter>소스 파일</Filter>
    </ClCompile>
  </ItemGroup>
  <ItemGroup>
    <ResourceCompile Include="po.rc">
      <Filter>리소스 파일</Filter>
    </ResourceCompile>
  </ItemGroup>
  <ItemGroup>
    <Image Include="small.ico">
      <Filter>리소스 파일</Filter>
    </Image>
    <Image Include="po.ico">
      <Filter>리소스 파일</Filter>
    </Image>
  </ItemGroup>
</Project>